{
  "renv": {
    "Version": "0.6.0-141"
  },
  "R": {
    "Version": "3.6.1",
    "Repositories": [
      {
        "Name": "CRAN",
        "URL": "https://cran.rstudio.com"
      }
    ]
  },
  "Packages": {
    "MASS": {
      "Package": "MASS",
      "Version": "7.3-51.4",
      "Source": "CRAN",
      "Hash": "a489ad42493fa9bfac8f3e3a3bc7d4ca"
    },
    "abind": {
      "Package": "abind",
      "Version": "1.4-5",
      "Source": "CRAN",
      "Hash": "14cdb8eed4adcbe6e463b0dd82bd778c"
    },
    "mvtnorm": {
      "Package": "mvtnorm",
      "Version": "1.0-11",
      "Source": "CRAN",
      "Hash": "976bd3e7229aefd84d9d5cf032646601"
    }
  }
}
